
Microsoft Visual Studio Solution File, Format Version 12.00
Project("{FAE04EC0-301F-11D3-BF4B-00C04F79EFBC}") = "XmlParseGenerator", "XmlParseGenerator\XmlParseGenerator\XmlParseGenerator.csproj", "{9246BE3F-C12F-4AD4-BA12-70123F5F8018}"
EndProject
Project("{FAE04EC0-301F-11D3-BF4B-00C04F79EFBC}") = "XmlParseGenerator.Sample", "XmlParseGenerator\XmlParseGenerator.Sample\XmlParseGenerator.Sample.csproj", "{A3E497DA-D7C3-4367-8C5F-F12E08B0A69E}"
EndProject
Global
	GlobalSection(SolutionConfigurationPlatforms) = preSolution
		Debug|Any CPU = Debug|Any CPU
		Release|Any CPU = Release|Any CPU
	EndGlobalSection
	GlobalSection(ProjectConfigurationPlatforms) = postSolution
		{9246BE3F-C12F-4AD4-BA12-70123F5F8018}.Debug|Any CPU.ActiveCfg = Debug|Any CPU
		{9246BE3F-C12F-4AD4-BA12-70123F5F8018}.Debug|Any CPU.Build.0 = Debug|Any CPU
		{9246BE3F-C12F-4AD4-BA12-70123F5F8018}.Release|Any CPU.ActiveCfg = Release|Any CPU
		{9246BE3F-C12F-4AD4-BA12-70123F5F8018}.Release|Any CPU.Build.0 = Release|Any CPU
		{A3E497DA-D7C3-4367-8C5F-F12E08B0A69E}.Debug|Any CPU.ActiveCfg = Debug|Any CPU
		{A3E497DA-D7C3-4367-8C5F-F12E08B0A69E}.Debug|Any CPU.Build.0 = Debug|Any CPU
		{A3E497DA-D7C3-4367-8C5F-F12E08B0A69E}.Release|Any CPU.ActiveCfg = Release|Any CPU
		{A3E497DA-D7C3-4367-8C5F-F12E08B0A69E}.Release|Any CPU.Build.0 = Release|Any CPU
	EndGlobalSection
EndGlobal
